
Microsoft Visual Studio Solution File, Format Version 12.00
# Visual Studio Version 17
VisualStudioVersion = 17.11.35303.130
MinimumVisualStudioVersion = 10.0.40219.1
Project("{FAE04EC0-301F-11D3-BF4B-00C04F79EFBC}") = "RecruitCatBandish", "RecruitCatBandish\RecruitCatBandish.csproj", "{7FAF194F-4F95-4672-AEA1-28F14052D3BC}"
EndProject
Global
	GlobalSection(SolutionConfigurationPlatforms) = preSolution
		Debug|Any CPU = Debug|Any CPU
		Release|Any CPU = Release|Any CPU
	EndGlobalSection
	GlobalSection(ProjectConfigurationPlatforms) = postSolution
		{7FAF194F-4F95-4672-AEA1-28F14052D3BC}.Debug|Any CPU.ActiveCfg = Debug|Any CPU
		{7FAF194F-4F95-4672-AEA1-28F14052D3BC}.Debug|Any CPU.Build.0 = Debug|Any CPU
		{7FAF194F-4F95-4672-AEA1-28F14052D3BC}.Release|Any CPU.ActiveCfg = Release|Any CPU
		{7FAF194F-4F95-4672-AEA1-28F14052D3BC}.Release|Any CPU.Build.0 = Release|Any CPU
	EndGlobalSection
	GlobalSection(SolutionProperties) = preSolution
		HideSolutionNode = FALSE
	EndGlobalSection
	GlobalSection(ExtensibilityGlobals) = postSolution
		SolutionGuid = {E438D649-AE72-495B-AF07-9B57006C9036}
	EndGlobalSection
EndGlobal
